
Microsoft Visual Studio Solution File, Format Version 12.00
# Visual Studio Version 17
VisualStudioVersion = 17.11.35327.3
MinimumVisualStudioVersion = 10.0.40219.1
Project("{FAE04EC0-301F-11D3-BF4B-00C04F79EFBC}") = "assigment 1", "assigment 1.csproj", "{1CE0F33D-291E-4DF0-B529-E03634AE2DFD}"
EndProject
Global
	GlobalSection(SolutionConfigurationPlatforms) = preSolution
		Debug|Any CPU = Debug|Any CPU
		Release|Any CPU = Release|Any CPU
	EndGlobalSection
	GlobalSection(ProjectConfigurationPlatforms) = postSolution
		{1CE0F33D-291E-4DF0-B529-E03634AE2DFD}.Debug|Any CPU.ActiveCfg = Debug|Any CPU
		{1CE0F33D-291E-4DF0-B529-E03634AE2DFD}.Debug|Any CPU.Build.0 = Debug|Any CPU
		{1CE0F33D-291E-4DF0-B529-E03634AE2DFD}.Release|Any CPU.ActiveCfg = Release|Any CPU
		{1CE0F33D-291E-4DF0-B529-E03634AE2DFD}.Release|Any CPU.Build.0 = Release|Any CPU
	EndGlobalSection
	GlobalSection(SolutionProperties) = preSolution
		HideSolutionNode = FALSE
	EndGlobalSection
	GlobalSection(ExtensibilityGlobals) = postSolution
		SolutionGuid = {2B0D6705-DA42-49FB-AFA0-BEAE2D1B5353}
	EndGlobalSection
EndGlobal
